// !$*UTF8*$!
{
	archiveVersion = 1;
	classes = {
	};
	objectVersion = 46;
	objects = {

/* Begin PBXBuildFile section */
		249FFA5419B74B3800F7E863 /* AppDelegate.swift in Sources */ = {isa = PBXBuildFile; fileRef = 249FFA5319B74B3800F7E863 /* AppDelegate.swift */; };
		249FFA5619B74B3800F7E863 /* ViewController.swift in Sources */ = {isa = PBXBuildFile; fileRef = 249FFA5519B74B3800F7E863 /* ViewController.swift */; };
		249FFA5919B74B3800F7E863 /* Main.storyboard in Resources */ = {isa = PBXBuildFile; fileRef = 249FFA5719B74B3800F7E863 /* Main.storyboard */; };
		249FFA5B19B74B3800F7E863 /* Images.xcassets in Resources */ = {isa = PBXBuildFile; fileRef = 249FFA5A19B74B3800F7E863 /* Images.xcassets */; };
		249FFA6719B74B3800F7E863 /* CustomSegueTestTests.swift in Sources */ = {isa = PBXBuildFile; fileRef = 249FFA6619B74B3800F7E863 /* CustomSegueTestTests.swift */; };
/* End PBXBuildFile section */

/* Begin PBXContainerItemProxy section */
		249FFA6119B74B3800F7E863 /* PBXContainerItemProxy */ = {
			isa = PBXContainerItemProxy;
			containerPortal = 249FFA4619B74B3800F7E863 /* Project object */;
			proxyType = 1;
			remoteGlobalIDString = 249FFA4D19B74B3800F7E863;
			remoteInfo = CustomSegueTest;
		};
/* End PBXContainerItemProxy section */

/* Begin PBXFileReference section */
		249FFA4E19B74B3800F7E863 /* CustomSegueTest.app */ = {isa = PBXFileReference; explicitFileType = wrapper.application; includeInIndex = 0; path = CustomSegueTest.app; sourceTree = BUILT_PRODUCTS_DIR; };
		249FFA5219B74B3800F7E863 /* Info.plist */ = {isa = PBXFileReference; lastKnownFileType = text.plist.xml; path = Info.plist; sourceTree = "<group>"; };
		249FFA5319B74B3800F7E863 /* AppDelegate.swift */ = {isa = PBXFileReference; lastKnownFileType = sourcecode.swift; path = AppDelegate.swift; sourceTree = "<group>"; };
		249FFA5519B74B3800F7E863 /* ViewController.swift */ = {isa = PBXFileReference; lastKnownFileType = sourcecode.swift; path = ViewController.swift; sourceTree = "<group>"; };
		249FFA5819B74B3800F7E863 /* Base */ = {isa = PBXFileReference; lastKnownFileType = file.storyboard; name = Base; path = Base.lproj/Main.storyboard; sourceTree = "<group>"; };
		249FFA5A19B74B3800F7E863 /* Images.xcassets */ = {isa = PBXFileReference; lastKnownFileType = folder.assetcatalog; path = Images.xcassets; sourceTree = "<group>"; };
		249FFA6019B74B3800F7E863 /* CustomSegueTestTests.xctest */ = {isa = PBXFileReference; explicitFileType = wrapper.cfbundle; includeInIndex = 0; path = CustomSegueTestTests.xctest; sourceTree = BUILT_PRODUCTS_DIR; };
		249FFA6519B74B3800F7E863 /* Info.plist */ = {isa = PBXFileReference; lastKnownFileType = text.plist.xml; path = Info.plist; sourceTree = "<group>"; };
		249FFA6619B74B3800F7E863 /* CustomSegueTestTests.swift */ = {isa = PBXFileReference; lastKnownFileType = sourcecode.swift; path = CustomSegueTestTests.swift; sourceTree = "<group>"; };
/* End PBXFileReference section */

/* Begin PBXFrameworksBuildPhase section */
		249FFA4B19B74B3800F7E863 /* Frameworks */ = {
			isa = PBXFrameworksBuildPhase;
			buildActionMask = 2147483647;
			files = (
			);
			runOnlyForDeploymentPostprocessing = 0;
		};
		249FFA5D19B74B3800F7E863 /* Frameworks */ = {
			isa = PBXFrameworksBuildPhase;
			buildActionMask = 2147483647;
			files = (
			);
			runOnlyForDeploymentPostprocessing = 0;
		};
/* End PBXFrameworksBuildPhase section */

/* Begin PBXGroup section */
		249FFA4519B74B3800F7E863 = {
			isa = PBXGroup;
			children = (
				249FFA5019B74B3800F7E863 /* CustomSegueTest */,
				249FFA6319B74B3800F7E863 /* CustomSegueTestTests */,
				249FFA4F19B74B3800F7E863 /* Products */,
			);
			sourceTree = "<group>";
		};
		249FFA4F19B74B3800F7E863 /* Products */ = {
			isa = PBXGroup;
			children = (
				249FFA4E19B74B3800F7E863 /* CustomSegueTest.app */,
				249FFA6019B74B3800F7E863 /* CustomSegueTestTests.xctest */,
			);
			name = Products;
			sourceTree = "<group>";
		};
		249FFA5019B74B3800F7E863 /* CustomSegueTest */ = {
			isa = PBXGroup;
			children = (
				249FFA5319B74B3800F7E863 /* AppDelegate.swift */,
				249FFA5519B74B3800F7E863 /* ViewController.swift */,
				249FFA5719B74B3800F7E863 /* Main.storyboard */,
				249FFA5A19B74B3800F7E863 /* Images.xcassets */,
				249FFA5119B74B3800F7E863 /* Supporting Files */,
			);
			path = CustomSegueTest;
			sourceTree = "<group>";
		};
		249FFA5119B74B3800F7E863 /* Supporting Files */ = {
			isa = PBXGroup;
			children = (
				249FFA5219B74B3800F7E863 /* Info.plist */,
			);
			name = "Supporting Files";
			sourceTree = "<group>";
		};
		249FFA6319B74B3800F7E863 /* CustomSegueTestTests */ = {
			isa = PBXGroup;
			children = (
				249FFA6619B74B3800F7E863 /* CustomSegueTestTests.swift */,
				249FFA6419B74B3800F7E863 /* Supporting Files */,
			);
			path = CustomSegueTestTests;
			sourceTree = "<group>";
		};
		249FFA6419B74B3800F7E863 /* Supporting Files */ = {
			isa = PBXGroup;
			children = (
				249FFA6519B74B3800F7E863 /* Info.plist */,
			);
			name = "Supporting Files";
			sourceTree = "<group>";
		};
/* End PBXGroup section */

/* Begin PBXNativeTarget section */
		249FFA4D19B74B3800F7E863 /* CustomSegueTest */ = {
			isa = PBXNativeTarget;
			buildConfigurationList = 249FFA6A19B74B3800F7E863 /* Build configuration list for PBXNativeTarget "CustomSegueTest" */;
			buildPhases = (
				249FFA4A19B74B3800F7E863 /* Sources */,
				249FFA4B19B74B3800F7E863 /* Frameworks */,
				249FFA4C19B74B3800F7E863 /* Resources */,
			);
			buildRules = (
			);
			dependencies = (
			);
			name = CustomSegueTest;
			productName = CustomSegueTest;
			productReference = 249FFA4E19B74B3800F7E863 /* CustomSegueTest.app */;
			productType = "com.apple.product-type.application";
		};
		249FFA5F19B74B3800F7E863 /* CustomSegueTestTests */ = {
			isa = PBXNativeTarget;
			buildConfigurationList = 249FFA6D19B74B3800F7E863 /* Build configuration list for PBXNativeTarget "CustomSegueTestTests" */;
			buildPhases = (
				249FFA5C19B74B3800F7E863 /* Sources */,
				249FFA5D19B74B3800F7E863 /* Frameworks */,
				249FFA5E19B74B3800F7E863 /* Resources */,
			);
			buildRules = (
			);
			dependencies = (
				249FFA6219B74B3800F7E863 /* PBXTargetDependency */,
			);
			name = CustomSegueTestTests;
			productName = CustomSegueTestTests;
			productReference = 249FFA6019B74B3800F7E863 /* CustomSegueTestTests.xctest */;
			productType = "com.apple.product-type.bundle.unit-test";
		};
/* End PBXNativeTarget section */

/* Begin PBXProject section */
		249FFA4619B74B3800F7E863 /* Project object */ = {
			isa = PBXProject;
			attributes = {
				LastUpgradeCheck = 0600;
				ORGANIZATIONNAME = "Daniel Tull";
				TargetAttributes = {
					249FFA4D19B74B3800F7E863 = {
						CreatedOnToolsVersion = 6.0;
					};
					249FFA5F19B74B3800F7E863 = {
						CreatedOnToolsVersion = 6.0;
						TestTargetID = 249FFA4D19B74B3800F7E863;
					};
				};
			};
			buildConfigurationList = 249FFA4919B74B3800F7E863 /* Build configuration list for PBXProject "CustomSegueTest" */;
			compatibilityVersion = "Xcode 3.2";
			developmentRegion = English;
			hasScannedForEncodings = 0;
			knownRegions = (
				en,
				Base,
			);
			mainGroup = 249FFA4519B74B3800F7E863;
			productRefGroup = 249FFA4F19B74B3800F7E863 /* Products */;
			projectDirPath = "";
			projectRoot = "";
			targets = (
				249FFA4D19B74B3800F7E863 /* CustomSegueTest */,
				249FFA5F19B74B3800F7E863 /* CustomSegueTestTests */,
			);
		};
/* End PBXProject section */

/* Begin PBXResourcesBuildPhase section */
		249FFA4C19B74B3800F7E863 /* Resources */ = {
			isa = PBXResourcesBuildPhase;
			buildActionMask = 2147483647;
			files = (
				249FFA5919B74B3800F7E863 /* Main.storyboard in Resources */,
				249FFA5B19B74B3800F7E863 /* Images.xcassets in Resources */,
			);
			runOnlyForDeploymentPostprocessing = 0;
		};
		249FFA5E19B74B3800F7E863 /* Resources */ = {
			isa = PBXResourcesBuildPhase;
			buildActionMask = 2147483647;
			files = (
			);
			runOnlyForDeploymentPostprocessing = 0;
		};
/* End PBXResourcesBuildPhase section */

/* Begin PBXSourcesBuildPhase section */
		249FFA4A19B74B3800F7E863 /* Sources */ = {
			isa = PBXSourcesBuildPhase;
			buildActionMask = 2147483647;
			files = (
				249FFA5619B74B3800F7E863 /* ViewController.swift in Sources */,
				249FFA5419B74B3800F7E863 /* AppDelegate.swift in Sources */,
			);
			runOnlyForDeploymentPostprocessing = 0;
		};
		249FFA5C19B74B3800F7E863 /* Sources */ = {
			isa = PBXSourcesBuildPhase;
			buildActionMask = 2147483647;
			files = (
				249FFA6719B74B3800F7E863 /* CustomSegueTestTests.swift in Sources */,
			);
			runOnlyForDeploymentPostprocessing = 0;
		};
/* End PBXSourcesBuildPhase section */

/* Begin PBXTargetDependency section */
		249FFA6219B74B3800F7E863 /* PBXTargetDependency */ = {
			isa = PBXTargetDependency;
			target = 249FFA4D19B74B3800F7E863 /* CustomSegueTest */;
			targetProxy = 249FFA6119B74B3800F7E863 /* PBXContainerItemProxy */;
		};
/* End PBXTargetDependency section */

/* Begin PBXVariantGroup section */
		249FFA5719B74B3800F7E863 /* Main.storyboard */ = {
			isa = PBXVariantGroup;
			children = (
				249FFA5819B74B3800F7E863 /* Base */,
			);
			name = Main.storyboard;
			sourceTree = "<group>";
		};
/* End PBXVariantGroup section */

/* Begin XCBuildConfiguration section */
		249FFA6819B74B3800F7E863 /* Debug */ = {
			isa = XCBuildConfiguration;
			buildSettings = {
				ALWAYS_SEARCH_USER_PATHS = NO;
				CLANG_CXX_LANGUAGE_STANDARD = "gnu++0x";
				CLANG_CXX_LIBRARY = "libc++";
				CLANG_ENABLE_MODULES = YES;
				CLANG_ENABLE_OBJC_ARC = YES;
				CLANG_WARN_BOOL_CONVERSION = YES;
				CLANG_WARN_CONSTANT_CONVERSION = YES;
				CLANG_WARN_DIRECT_OBJC_ISA_USAGE = YES_ERROR;
				CLANG_WARN_EMPTY_BODY = YES;
				CLANG_WARN_ENUM_CONVERSION = YES;
				CLANG_WARN_INT_CONVERSION = YES;
				CLANG_WARN_OBJC_ROOT_CLASS = YES_ERROR;
				CLANG_WARN_UNREACHABLE_CODE = YES;
				CLANG_WARN__DUPLICATE_METHOD_MATCH = YES;
				"CODE_SIGN_IDENTITY[sdk=iphoneos*]" = "iPhone Developer";
				COPY_PHASE_STRIP = NO;
				ENABLE_STRICT_OBJC_MSGSEND = YES;
				GCC_C_LANGUAGE_STANDARD = gnu99;
				GCC_DYNAMIC_NO_PIC = NO;
				GCC_OPTIMIZATION_LEVEL = 0;
				GCC_PREPROCESSOR_DEFINITIONS = (
					"DEBUG=1",
					"$(inherited)",
				);
				GCC_SYMBOLS_PRIVATE_EXTERN = NO;
				GCC_WARN_64_TO_32_BIT_CONVERSION = YES;
				GCC_WARN_ABOUT_RETURN_TYPE = YES_ERROR;
				GCC_WARN_UNDECLARED_SELECTOR = YES;
				GCC_WARN_UNINITIALIZED_AUTOS = YES_AGGRESSIVE;
				GCC_WARN_UNUSED_FUNCTION = YES;
				GCC_WARN_UNUSED_VARIABLE = YES;
				IPHONEOS_DEPLOYMENT_TARGET = 8.0;
				MTL_ENABLE_DEBUG_INFO = YES;
				ONLY_ACTIVE_ARCH = YES;
				SDKROOT = iphoneos;
				SWIFT_OPTIMIZATION_LEVEL = "-Onone";
				TARGETED_DEVICE_FAMILY = "1,2";
			};
			name = Debug;
		};
		249FFA6919B74B3800F7E863 /* Release */ = {
			isa = XCBuildConfiguration;
			buildSettings = {
				ALWAYS_SEARCH_USER_PATHS = NO;
				CLANG_CXX_LANGUAGE_STANDARD = "gnu++0x";
				CLANG_CXX_LIBRARY = "libc++";
				CLANG_ENABLE_MODULES = YES;
				CLANG_ENABLE_OBJC_ARC = YES;
				CLANG_WARN_BOOL_CONVERSION = YES;
				CLANG_WARN_CONSTANT_CONVERSION = YES;
				CLANG_WARN_DIRECT_OBJC_ISA_USAGE = YES_ERROR;
				CLANG_WARN_EMPTY_BODY = YES;
				CLANG_WARN_ENUM_CONVERSION = YES;
				CLANG_WARN_INT_CONVERSION = YES;
				CLANG_WARN_OBJC_ROOT_CLASS = YES_ERROR;
				CLANG_WARN_UNREACHABLE_CODE = YES;
				CLANG_WARN__DUPLICATE_METHOD_MATCH = YES;
				"CODE_SIGN_IDENTITY[sdk=iphoneos*]" = "iPhone Developer";
				COPY_PHASE_STRIP = YES;
				ENABLE_NS_ASSERTIONS = NO;
				ENABLE_STRICT_OBJC_MSGSEND = YES;
				GCC_C_LANGUAGE_STANDARD = gnu99;
				GCC_WARN_64_TO_32_BIT_CONVERSION = YES;
				GCC_WARN_ABOUT_RETURN_TYPE = YES_ERROR;
				GCC_WARN_UNDECLARED_SELECTOR = YES;
				GCC_WARN_UNINITIALIZED_AUTOS = YES_AGGRESSIVE;
				GCC_WARN_UNUSED_FUNCTION = YES;
				GCC_WARN_UNUSED_VARIABLE = YES;
				IPHONEOS_DEPLOYMENT_TARGET = 8.0;
				MTL_ENABLE_DEBUG_INFO = NO;
				SDKROOT = iphoneos;
				TARGETED_DEVICE_FAMILY = "1,2";
				VALIDATE_PRODUCT = YES;
			};
			name = Release;
		};
		249FFA6B19B74B3800F7E863 /* Debug */ = {
			isa = XCBuildConfiguration;
			buildSettings = {
				ASSETCATALOG_COMPILER_APPICON_NAME = AppIcon;
				ASSETCATALOG_COMPILER_LAUNCHIMAGE_NAME = LaunchImage;
				INFOPLIST_FILE = CustomSegueTest/Info.plist;
				LD_RUNPATH_SEARCH_PATHS = "$(inherited) @executable_path/Frameworks";
				PRODUCT_NAME = "$(TARGET_NAME)";
			};
			name = Debug;
		};
		249FFA6C19B74B3800F7E863 /* Release */ = {
			isa = XCBuildConfiguration;
			buildSettings = {
				ASSETCATALOG_COMPILER_APPICON_NAME = AppIcon;
				ASSETCATALOG_COMPILER_LAUNCHIMAGE_NAME = LaunchImage;
				INFOPLIST_FILE = CustomSegueTest/Info.plist;
				LD_RUNPATH_SEARCH_PATHS = "$(inherited) @executable_path/Frameworks";
				PRODUCT_NAME = "$(TARGET_NAME)";
			};
			name = Release;
		};
		249FFA6E19B74B3800F7E863 /* Debug */ = {
			isa = XCBuildConfiguration;
			buildSettings = {
				BUNDLE_LOADER = "$(TEST_HOST)";
				FRAMEWORK_SEARCH_PATHS = (
					"$(SDKROOT)/Developer/Library/Frameworks",
					"$(inherited)",
				);
				GCC_PREPROCESSOR_DEFINITIONS = (
					"DEBUG=1",
					"$(inherited)",
				);
				INFOPLIST_FILE = CustomSegueTestTests/Info.plist;
				LD_RUNPATH_SEARCH_PATHS = "$(inherited) @executable_path/Frameworks @loader_path/Frameworks";
				PRODUCT_NAME = "$(TARGET_NAME)";
				TEST_HOST = "$(BUILT_PRODUCTS_DIR)/CustomSegueTest.app/CustomSegueTest";
			};
			name = Debug;
		};
		249FFA6F19B74B3800F7E863 /* Release */ = {
			isa = XCBuildConfiguration;
			buildSettings = {
				BUNDLE_LOADER = "$(TEST_HOST)";
				FRAMEWORK_SEARCH_PATHS = (
					"$(SDKROOT)/Developer/Library/Frameworks",
					"$(inherited)",
				);
				INFOPLIST_FILE = CustomSegueTestTests/Info.plist;
				LD_RUNPATH_SEARCH_PATHS = "$(inherited) @executable_path/Frameworks @loader_path/Frameworks";
				PRODUCT_NAME = "$(TARGET_NAME)";
				TEST_HOST = "$(BUILT_PRODUCTS_DIR)/CustomSegueTest.app/CustomSegueTest";
			};
			name = Release;
		};
/* End XCBuildConfiguration section */

/* Begin XCConfigurationList section */
		249FFA4919B74B3800F7E863 /* Build configuration list for PBXProject "CustomSegueTest" */ = {
			isa = XCConfigurationList;
			buildConfigurations = (
				249FFA6819B74B3800F7E863 /* Debug */,
				249FFA6919B74B3800F7E863 /* Release */,
			);
			defaultConfigurationIsVisible = 0;
			defaultConfigurationName = Release;
		};
		249FFA6A19B74B3800F7E863 /* Build configuration list for PBXNativeTarget "CustomSegueTest" */ = {
			isa = XCConfigurationList;
			buildConfigurations = (
				249FFA6B19B74B3800F7E863 /* Debug */,
				249FFA6C19B74B3800F7E863 /* Release */,
			);
			defaultConfigurationIsVisible = 0;
		};
		249FFA6D19B74B3800F7E863 /* Build configuration list for PBXNativeTarget "CustomSegueTestTests" */ = {
			isa = XCConfigurationList;
			buildConfigurations = (
				249FFA6E19B74B3800F7E863 /* Debug */,
				249FFA6F19B74B3800F7E863 /* Release */,
			);
			defaultConfigurationIsVisible = 0;
		};
/* End XCConfigurationList section */
	};
	rootObject = 249FFA4619B74B3800F7E863 /* Project object */;
}
